
Microsoft Visual Studio Solution File, Format Version 12.00
# Visual Studio Version 17
VisualStudioVersion = 17.0.32126.317
MinimumVisualStudioVersion = 10.0.40219.1
Project("{FAE04EC0-301F-11D3-BF4B-00C04F79EFBC}") = "InstallGWF", "InstallGWF.csproj", "{F5A5121B-C0FA-40CA-9834-52E818B9C9F0}"
EndProject
Global
	GlobalSection(SolutionConfigurationPlatforms) = preSolution
		Debug|Any CPU = Debug|Any CPU
		Release|Any CPU = Release|Any CPU
	EndGlobalSection
	GlobalSection(ProjectConfigurationPlatforms) = postSolution
		{F5A5121B-C0FA-40CA-9834-52E818B9C9F0}.Debug|Any CPU.ActiveCfg = Debug|Any CPU
		{F5A5121B-C0FA-40CA-9834-52E818B9C9F0}.Debug|Any CPU.Build.0 = Debug|Any CPU
		{F5A5121B-C0FA-40CA-9834-52E818B9C9F0}.Release|Any CPU.ActiveCfg = Release|Any CPU
		{F5A5121B-C0FA-40CA-9834-52E818B9C9F0}.Release|Any CPU.Build.0 = Release|Any CPU
	EndGlobalSection
	GlobalSection(SolutionProperties) = preSolution
		HideSolutionNode = FALSE
	EndGlobalSection
	GlobalSection(ExtensibilityGlobals) = postSolution
		SolutionGuid = {DFC3F192-C3AE-44F8-B949-D7D266EAE504}
	EndGlobalSection
EndGlobal
